
Microsoft Visual Studio Solution File, Format Version 12.00
# Visual Studio Version 17
VisualStudioVersion = 17.7.34009.444
MinimumVisualStudioVersion = 10.0.40219.1
Project("{9A19103F-16F7-4668-BE54-9A1E7A4F7556}") = "OCRFireBase", "OCRFireBase.csproj", "{2D27FE5A-B86B-4AF5-8CC2-70F9146855CA}"
EndProject
Project("{FAE04EC0-301F-11D3-BF4B-00C04F79EFBC}") = "OCRConsole", "..\OCRConsole\OCRConsole.csproj", "{EA680975-CCB6-45D5-94FA-78E12626ED12}"
EndProject
Global
	GlobalSection(SolutionConfigurationPlatforms) = preSolution
		Debug|Any CPU = Debug|Any CPU
		Release|Any CPU = Release|Any CPU
	EndGlobalSection
	GlobalSection(ProjectConfigurationPlatforms) = postSolution
		{2D27FE5A-B86B-4AF5-8CC2-70F9146855CA}.Debug|Any CPU.ActiveCfg = Debug|Any CPU
		{2D27FE5A-B86B-4AF5-8CC2-70F9146855CA}.Debug|Any CPU.Build.0 = Debug|Any CPU
		{2D27FE5A-B86B-4AF5-8CC2-70F9146855CA}.Release|Any CPU.ActiveCfg = Release|Any CPU
		{2D27FE5A-B86B-4AF5-8CC2-70F9146855CA}.Release|Any CPU.Build.0 = Release|Any CPU
		{EA680975-CCB6-45D5-94FA-78E12626ED12}.Debug|Any CPU.ActiveCfg = Debug|Any CPU
		{EA680975-CCB6-45D5-94FA-78E12626ED12}.Debug|Any CPU.Build.0 = Debug|Any CPU
		{EA680975-CCB6-45D5-94FA-78E12626ED12}.Release|Any CPU.ActiveCfg = Release|Any CPU
		{EA680975-CCB6-45D5-94FA-78E12626ED12}.Release|Any CPU.Build.0 = Release|Any CPU
	EndGlobalSection
	GlobalSection(SolutionProperties) = preSolution
		HideSolutionNode = FALSE
	EndGlobalSection
	GlobalSection(ExtensibilityGlobals) = postSolution
		SolutionGuid = {BF29FC41-E6E0-4655-A036-5454D468CFFE}
	EndGlobalSection
EndGlobal
