
Microsoft Visual Studio Solution File, Format Version 12.00
# Visual Studio Version 17
VisualStudioVersion = 17.7.34009.444
MinimumVisualStudioVersion = 10.0.40219.1
Project("{9A19103F-16F7-4668-BE54-9A1E7A4F7556}") = "OCRFireBase", "OCRFireBase.csproj", "{2D27FE5A-B86B-4AF5-8CC2-70F9146855CA}"
	ProjectSection(ProjectDependencies) = postProject
		{EA680975-CCB6-45D5-94FA-78E12626ED12} = {EA680975-CCB6-45D5-94FA-78E12626ED12}
	EndProjectSection
EndProject
Project("{FAE04EC0-301F-11D3-BF4B-00C04F79EFBC}") = "OCRConsole", "..\OCRConsole\OCRConsole.csproj", "{EA680975-CCB6-45D5-94FA-78E12626ED12}"
EndProject
Project("{54435603-DBB4-11D2-8724-00A0C9A8B90C}") = "Setup1", "..\Setup1\Setup1.vdproj", "{423CEF1C-256D-474D-A254-6543C4A1BBF0}"
EndProject
Global
	GlobalSection(SolutionConfigurationPlatforms) = preSolution
		Debug|Any CPU = Debug|Any CPU
		Debug|x64 = Debug|x64
		Debug|x86 = Debug|x86
		Release|Any CPU = Release|Any CPU
		Release|x64 = Release|x64
		Release|x86 = Release|x86
	EndGlobalSection
	GlobalSection(ProjectConfigurationPlatforms) = postSolution
		{2D27FE5A-B86B-4AF5-8CC2-70F9146855CA}.Debug|Any CPU.ActiveCfg = Debug|Any CPU
		{2D27FE5A-B86B-4AF5-8CC2-70F9146855CA}.Debug|Any CPU.Build.0 = Debug|Any CPU
		{2D27FE5A-B86B-4AF5-8CC2-70F9146855CA}.Debug|x64.ActiveCfg = Debug|x86
		{2D27FE5A-B86B-4AF5-8CC2-70F9146855CA}.Debug|x64.Build.0 = Debug|x86
		{2D27FE5A-B86B-4AF5-8CC2-70F9146855CA}.Debug|x86.ActiveCfg = Debug|Any CPU
		{2D27FE5A-B86B-4AF5-8CC2-70F9146855CA}.Debug|x86.Build.0 = Debug|Any CPU
		{2D27FE5A-B86B-4AF5-8CC2-70F9146855CA}.Release|Any CPU.ActiveCfg = Release|Any CPU
		{2D27FE5A-B86B-4AF5-8CC2-70F9146855CA}.Release|Any CPU.Build.0 = Release|Any CPU
		{2D27FE5A-B86B-4AF5-8CC2-70F9146855CA}.Release|x64.ActiveCfg = Release|Any CPU
		{2D27FE5A-B86B-4AF5-8CC2-70F9146855CA}.Release|x64.Build.0 = Release|Any CPU
		{2D27FE5A-B86B-4AF5-8CC2-70F9146855CA}.Release|x86.ActiveCfg = Release|x86
		{2D27FE5A-B86B-4AF5-8CC2-70F9146855CA}.Release|x86.Build.0 = Release|x86
		{EA680975-CCB6-45D5-94FA-78E12626ED12}.Debug|Any CPU.ActiveCfg = Debug|Any CPU
		{EA680975-CCB6-45D5-94FA-78E12626ED12}.Debug|Any CPU.Build.0 = Debug|Any CPU
		{EA680975-CCB6-45D5-94FA-78E12626ED12}.Debug|x64.ActiveCfg = Debug|x64
		{EA680975-CCB6-45D5-94FA-78E12626ED12}.Debug|x64.Build.0 = Debug|x64
		{EA680975-CCB6-45D5-94FA-78E12626ED12}.Debug|x86.ActiveCfg = Debug|Any CPU
		{EA680975-CCB6-45D5-94FA-78E12626ED12}.Debug|x86.Build.0 = Debug|Any CPU
		{EA680975-CCB6-45D5-94FA-78E12626ED12}.Release|Any CPU.ActiveCfg = Release|Any CPU
		{EA680975-CCB6-45D5-94FA-78E12626ED12}.Release|Any CPU.Build.0 = Release|Any CPU
		{EA680975-CCB6-45D5-94FA-78E12626ED12}.Release|x64.ActiveCfg = Release|x64
		{EA680975-CCB6-45D5-94FA-78E12626ED12}.Release|x64.Build.0 = Release|x64
		{EA680975-CCB6-45D5-94FA-78E12626ED12}.Release|x86.ActiveCfg = Release|Any CPU
		{EA680975-CCB6-45D5-94FA-78E12626ED12}.Release|x86.Build.0 = Release|Any CPU
		{423CEF1C-256D-474D-A254-6543C4A1BBF0}.Debug|Any CPU.ActiveCfg = Debug
		{423CEF1C-256D-474D-A254-6543C4A1BBF0}.Debug|x64.ActiveCfg = Debug
		{423CEF1C-256D-474D-A254-6543C4A1BBF0}.Debug|x64.Build.0 = Debug
		{423CEF1C-256D-474D-A254-6543C4A1BBF0}.Debug|x86.ActiveCfg = Debug
		{423CEF1C-256D-474D-A254-6543C4A1BBF0}.Debug|x86.Build.0 = Debug
		{423CEF1C-256D-474D-A254-6543C4A1BBF0}.Release|Any CPU.ActiveCfg = Release
		{423CEF1C-256D-474D-A254-6543C4A1BBF0}.Release|x64.ActiveCfg = Release
		{423CEF1C-256D-474D-A254-6543C4A1BBF0}.Release|x64.Build.0 = Release
		{423CEF1C-256D-474D-A254-6543C4A1BBF0}.Release|x86.ActiveCfg = Release
		{423CEF1C-256D-474D-A254-6543C4A1BBF0}.Release|x86.Build.0 = Release
	EndGlobalSection
	GlobalSection(SolutionProperties) = preSolution
		HideSolutionNode = FALSE
	EndGlobalSection
	GlobalSection(ExtensibilityGlobals) = postSolution
		SolutionGuid = {BF29FC41-E6E0-4655-A036-5454D468CFFE}
	EndGlobalSection
EndGlobal
